// !$*UTF8*$!
{
	archiveVersion = 1;
	classes = {
	};
	objectVersion = 48;
	objects = {

/* Begin PBXBuildFile section */
		06FBDDC31F2B78B300FA2178 /* AppDelegate.swift in Sources */ = {isa = PBXBuildFile; fileRef = 06FBDDC21F2B78B300FA2178 /* AppDelegate.swift */; };
		06FBDDC81F2B78B300FA2178 /* Main.storyboard in Resources */ = {isa = PBXBuildFile; fileRef = 06FBDDC61F2B78B300FA2178 /* Main.storyboard */; };
		06FBDDCA1F2B78B300FA2178 /* Assets.xcassets in Resources */ = {isa = PBXBuildFile; fileRef = 06FBDDC91F2B78B300FA2178 /* Assets.xcassets */; };
		06FBDDCD1F2B78B300FA2178 /* LaunchScreen.storyboard in Resources */ = {isa = PBXBuildFile; fileRef = 06FBDDCB1F2B78B300FA2178 /* LaunchScreen.storyboard */; };
		06FBDDD51F2BA4F200FA2178 /* EmojyTableViewController.swift in Sources */ = {isa = PBXBuildFile; fileRef = 06FBDDD41F2BA4F200FA2178 /* EmojyTableViewController.swift */; };
/* End PBXBuildFile section */

/* Begin PBXFileReference section */
		06FBDDBF1F2B78B300FA2178 /* Emojy Dictionary.app */ = {isa = PBXFileReference; explicitFileType = wrapper.application; includeInIndex = 0; path = "Emojy Dictionary.app"; sourceTree = BUILT_PRODUCTS_DIR; };
		06FBDDC21F2B78B300FA2178 /* AppDelegate.swift */ = {isa = PBXFileReference; lastKnownFileType = sourcecode.swift; path = AppDelegate.swift; sourceTree = "<group>"; };
		06FBDDC71F2B78B300FA2178 /* Base */ = {isa = PBXFileReference; lastKnownFileType = file.storyboard; name = Base; path = Base.lproj/Main.storyboard; sourceTree = "<group>"; };
		06FBDDC91F2B78B300FA2178 /* Assets.xcassets */ = {isa = PBXFileReference; lastKnownFileType = folder.assetcatalog; path = Assets.xcassets; sourceTree = "<group>"; };
		06FBDDCC1F2B78B300FA2178 /* Base */ = {isa = PBXFileReference; lastKnownFileType = file.storyboard; name = Base; path = Base.lproj/LaunchScreen.storyboard; sourceTree = "<group>"; };
		06FBDDCE1F2B78B300FA2178 /* Info.plist */ = {isa = PBXFileReference; lastKnownFileType = text.plist.xml; path = Info.plist; sourceTree = "<group>"; };
		06FBDDD41F2BA4F200FA2178 /* EmojyTableViewController.swift */ = {isa = PBXFileReference; lastKnownFileType = sourcecode.swift; path = EmojyTableViewController.swift; sourceTree = "<group>"; };
/* End PBXFileReference section */

/* Begin PBXFrameworksBuildPhase section */
		06FBDDBC1F2B78B200FA2178 /* Frameworks */ = {
			isa = PBXFrameworksBuildPhase;
			buildActionMask = 2147483647;
			files = (
			);
			runOnlyForDeploymentPostprocessing = 0;
		};
/* End PBXFrameworksBuildPhase section */

/* Begin PBXGroup section */
		06FBDDB61F2B78B200FA2178 = {
			isa = PBXGroup;
			children = (
				06FBDDC11F2B78B300FA2178 /* Emojy Dictionary */,
				06FBDDC01F2B78B300FA2178 /* Products */,
			);
			sourceTree = "<group>";
		};
		06FBDDC01F2B78B300FA2178 /* Products */ = {
			isa = PBXGroup;
			children = (
				06FBDDBF1F2B78B300FA2178 /* Emojy Dictionary.app */,
			);
			name = Products;
			sourceTree = "<group>";
		};
		06FBDDC11F2B78B300FA2178 /* Emojy Dictionary */ = {
			isa = PBXGroup;
			children = (
				06FBDDC21F2B78B300FA2178 /* AppDelegate.swift */,
				06FBDDD41F2BA4F200FA2178 /* EmojyTableViewController.swift */,
				06FBDDC61F2B78B300FA2178 /* Main.storyboard */,
				06FBDDC91F2B78B300FA2178 /* Assets.xcassets */,
				06FBDDCB1F2B78B300FA2178 /* LaunchScreen.storyboard */,
				06FBDDCE1F2B78B300FA2178 /* Info.plist */,
			);
			path = "Emojy Dictionary";
			sourceTree = "<group>";
		};
/* End PBXGroup section */

/* Begin PBXNativeTarget section */
		06FBDDBE1F2B78B200FA2178 /* Emojy Dictionary */ = {
			isa = PBXNativeTarget;
			buildConfigurationList = 06FBDDD11F2B78B300FA2178 /* Build configuration list for PBXNativeTarget "Emojy Dictionary" */;
			buildPhases = (
				06FBDDBB1F2B78B200FA2178 /* Sources */,
				06FBDDBC1F2B78B200FA2178 /* Frameworks */,
				06FBDDBD1F2B78B200FA2178 /* Resources */,
			);
			buildRules = (
			);
			dependencies = (
			);
			name = "Emojy Dictionary";
			productName = "Emojy Dictionary";
			productReference = 06FBDDBF1F2B78B300FA2178 /* Emojy Dictionary.app */;
			productType = "com.apple.product-type.application";
		};
/* End PBXNativeTarget section */

/* Begin PBXProject section */
		06FBDDB71F2B78B200FA2178 /* Project object */ = {
			isa = PBXProject;
			attributes = {
				LastSwiftUpdateCheck = 0900;
				LastUpgradeCheck = 0900;
				ORGANIZATIONNAME = "Mostafa Taha";
				TargetAttributes = {
					06FBDDBE1F2B78B200FA2178 = {
						CreatedOnToolsVersion = 9.0;
					};
				};
			};
			buildConfigurationList = 06FBDDBA1F2B78B200FA2178 /* Build configuration list for PBXProject "Emojy Dictionary" */;
			compatibilityVersion = "Xcode 8.0";
			developmentRegion = en;
			hasScannedForEncodings = 0;
			knownRegions = (
				en,
				Base,
			);
			mainGroup = 06FBDDB61F2B78B200FA2178;
			productRefGroup = 06FBDDC01F2B78B300FA2178 /* Products */;
			projectDirPath = "";
			projectRoot = "";
			targets = (
				06FBDDBE1F2B78B200FA2178 /* Emojy Dictionary */,
			);
		};
/* End PBXProject section */

/* Begin PBXResourcesBuildPhase section */
		06FBDDBD1F2B78B200FA2178 /* Resources */ = {
			isa = PBXResourcesBuildPhase;
			buildActionMask = 2147483647;
			files = (
				06FBDDCD1F2B78B300FA2178 /* LaunchScreen.storyboard in Resources */,
				06FBDDCA1F2B78B300FA2178 /* Assets.xcassets in Resources */,
				06FBDDC81F2B78B300FA2178 /* Main.storyboard in Resources */,
			);
			runOnlyForDeploymentPostprocessing = 0;
		};
/* End PBXResourcesBuildPhase section */

/* Begin PBXSourcesBuildPhase section */
		06FBDDBB1F2B78B200FA2178 /* Sources */ = {
			isa = PBXSourcesBuildPhase;
			buildActionMask = 2147483647;
			files = (
				06FBDDD51F2BA4F200FA2178 /* EmojyTableViewController.swift in Sources */,
				06FBDDC31F2B78B300FA2178 /* AppDelegate.swift in Sources */,
			);
			runOnlyForDeploymentPostprocessing = 0;
		};
/* End PBXSourcesBuildPhase section */

/* Begin PBXVariantGroup section */
		06FBDDC61F2B78B300FA2178 /* Main.storyboard */ = {
			isa = PBXVariantGroup;
			children = (
				06FBDDC71F2B78B300FA2178 /* Base */,
			);
			name = Main.storyboard;
			sourceTree = "<group>";
		};
		06FBDDCB1F2B78B300FA2178 /* LaunchScreen.storyboard */ = {
			isa = PBXVariantGroup;
			children = (
				06FBDDCC1F2B78B300FA2178 /* Base */,
			);
			name = LaunchScreen.storyboard;
			sourceTree = "<group>";
		};
/* End PBXVariantGroup section */

/* Begin XCBuildConfiguration section */
		06FBDDCF1F2B78B300FA2178 /* Debug */ = {
			isa = XCBuildConfiguration;
			buildSettings = {
				ALWAYS_SEARCH_USER_PATHS = NO;
				CLANG_ANALYZER_NONNULL = YES;
				CLANG_ANALYZER_NUMBER_OBJECT_CONVERSION = YES_AGGRESSIVE;
				CLANG_CXX_LANGUAGE_STANDARD = "gnu++14";
				CLANG_CXX_LIBRARY = "libc++";
				CLANG_ENABLE_MODULES = YES;
				CLANG_ENABLE_OBJC_ARC = YES;
				CLANG_WARN_BLOCK_CAPTURE_AUTORELEASING = YES;
				CLANG_WARN_BOOL_CONVERSION = YES;
				CLANG_WARN_COMMA = YES;
				CLANG_WARN_CONSTANT_CONVERSION = YES;
				CLANG_WARN_DIRECT_OBJC_ISA_USAGE = YES_ERROR;
				CLANG_WARN_DOCUMENTATION_COMMENTS = YES;
				CLANG_WARN_EMPTY_BODY = YES;
				CLANG_WARN_ENUM_CONVERSION = YES;
				CLANG_WARN_INFINITE_RECURSION = YES;
				CLANG_WARN_INT_CONVERSION = YES;
				CLANG_WARN_OBJC_ROOT_CLASS = YES_ERROR;
				CLANG_WARN_RANGE_LOOP_ANALYSIS = YES;
				CLANG_WARN_STRICT_PROTOTYPES = YES;
				CLANG_WARN_SUSPICIOUS_MOVE = YES;
				CLANG_WARN_UNGUARDED_AVAILABILITY = YES_AGGRESSIVE;
				CLANG_WARN_UNREACHABLE_CODE = YES;
				CLANG_WARN__DUPLICATE_METHOD_MATCH = YES;
				CODE_SIGN_IDENTITY = "iPhone Developer";
				COPY_PHASE_STRIP = NO;
				DEBUG_INFORMATION_FORMAT = dwarf;
				ENABLE_STRICT_OBJC_MSGSEND = YES;
				ENABLE_TESTABILITY = YES;
				GCC_C_LANGUAGE_STANDARD = gnu11;
				GCC_DYNAMIC_NO_PIC = NO;
				GCC_NO_COMMON_BLOCKS = YES;
				GCC_OPTIMIZATION_LEVEL = 0;
				GCC_PREPROCESSOR_DEFINITIONS = (
					"DEBUG=1",
					"$(inherited)",
				);
				GCC_WARN_64_TO_32_BIT_CONVERSION = YES;
				GCC_WARN_ABOUT_RETURN_TYPE = YES_ERROR;
				GCC_WARN_UNDECLARED_SELECTOR = YES;
				GCC_WARN_UNINITIALIZED_AUTOS = YES_AGGRESSIVE;
				GCC_WARN_UNUSED_FUNCTION = YES;
				GCC_WARN_UNUSED_VARIABLE = YES;
				IPHONEOS_DEPLOYMENT_TARGET = 11.0;
				MTL_ENABLE_DEBUG_INFO = YES;
				ONLY_ACTIVE_ARCH = YES;
				SDKROOT = iphoneos;
				SWIFT_ACTIVE_COMPILATION_CONDITIONS = DEBUG;
				SWIFT_OPTIMIZATION_LEVEL = "-Onone";
			};
			name = Debug;
		};
		06FBDDD01F2B78B300FA2178 /* Release */ = {
			isa = XCBuildConfiguration;
			buildSettings = {
				ALWAYS_SEARCH_USER_PATHS = NO;
				CLANG_ANALYZER_NONNULL = YES;
				CLANG_ANALYZER_NUMBER_OBJECT_CONVERSION = YES_AGGRESSIVE;
				CLANG_CXX_LANGUAGE_STANDARD = "gnu++14";
				CLANG_CXX_LIBRARY = "libc++";
				CLANG_ENABLE_MODULES = YES;
				CLANG_ENABLE_OBJC_ARC = YES;
				CLANG_WARN_BLOCK_CAPTURE_AUTORELEASING = YES;
				CLANG_WARN_BOOL_CONVERSION = YES;
				CLANG_WARN_COMMA = YES;
				CLANG_WARN_CONSTANT_CONVERSION = YES;
				CLANG_WARN_DIRECT_OBJC_ISA_USAGE = YES_ERROR;
				CLANG_WARN_DOCUMENTATION_COMMENTS = YES;
				CLANG_WARN_EMPTY_BODY = YES;
				CLANG_WARN_ENUM_CONVERSION = YES;
				CLANG_WARN_INFINITE_RECURSION = YES;
				CLANG_WARN_INT_CONVERSION = YES;
				CLANG_WARN_OBJC_ROOT_CLASS = YES_ERROR;
				CLANG_WARN_RANGE_LOOP_ANALYSIS = YES;
				CLANG_WARN_STRICT_PROTOTYPES = YES;
				CLANG_WARN_SUSPICIOUS_MOVE = YES;
				CLANG_WARN_UNGUARDED_AVAILABILITY = YES_AGGRESSIVE;
				CLANG_WARN_UNREACHABLE_CODE = YES;
				CLANG_WARN__DUPLICATE_METHOD_MATCH = YES;
				CODE_SIGN_IDENTITY = "iPhone Developer";
				COPY_PHASE_STRIP = NO;
				DEBUG_INFORMATION_FORMAT = "dwarf-with-dsym";
				ENABLE_NS_ASSERTIONS = NO;
				ENABLE_STRICT_OBJC_MSGSEND = YES;
				GCC_C_LANGUAGE_STANDARD = gnu11;
				GCC_NO_COMMON_BLOCKS = YES;
				GCC_WARN_64_TO_32_BIT_CONVERSION = YES;
				GCC_WARN_ABOUT_RETURN_TYPE = YES_ERROR;
				GCC_WARN_UNDECLARED_SELECTOR = YES;
				GCC_WARN_UNINITIALIZED_AUTOS = YES_AGGRESSIVE;
				GCC_WARN_UNUSED_FUNCTION = YES;
				GCC_WARN_UNUSED_VARIABLE = YES;
				IPHONEOS_DEPLOYMENT_TARGET = 11.0;
				MTL_ENABLE_DEBUG_INFO = NO;
				SDKROOT = iphoneos;
				SWIFT_OPTIMIZATION_LEVEL = "-Owholemodule";
				VALIDATE_PRODUCT = YES;
			};
			name = Release;
		};
		06FBDDD21F2B78B300FA2178 /* Debug */ = {
			isa = XCBuildConfiguration;
			buildSettings = {
				ASSETCATALOG_COMPILER_APPICON_NAME = AppIcon;
				INFOPLIST_FILE = "Emojy Dictionary/Info.plist";
				LD_RUNPATH_SEARCH_PATHS = "$(inherited) @executable_path/Frameworks";
				PRODUCT_BUNDLE_IDENTIFIER = "project.mostafa.Emojy-Dictionary";
				PRODUCT_NAME = "$(TARGET_NAME)";
				SWIFT_VERSION = 4.0;
				TARGETED_DEVICE_FAMILY = "1,2";
			};
			name = Debug;
		};
		06FBDDD31F2B78B300FA2178 /* Release */ = {
			isa = XCBuildConfiguration;
			buildSettings = {
				ASSETCATALOG_COMPILER_APPICON_NAME = AppIcon;
				INFOPLIST_FILE = "Emojy Dictionary/Info.plist";
				LD_RUNPATH_SEARCH_PATHS = "$(inherited) @executable_path/Frameworks";
				PRODUCT_BUNDLE_IDENTIFIER = "project.mostafa.Emojy-Dictionary";
				PRODUCT_NAME = "$(TARGET_NAME)";
				SWIFT_VERSION = 4.0;
				TARGETED_DEVICE_FAMILY = "1,2";
			};
			name = Release;
		};
/* End XCBuildConfiguration section */

/* Begin XCConfigurationList section */
		06FBDDBA1F2B78B200FA2178 /* Build configuration list for PBXProject "Emojy Dictionary" */ = {
			isa = XCConfigurationList;
			buildConfigurations = (
				06FBDDCF1F2B78B300FA2178 /* Debug */,
				06FBDDD01F2B78B300FA2178 /* Release */,
			);
			defaultConfigurationIsVisible = 0;
			defaultConfigurationName = Release;
		};
		06FBDDD11F2B78B300FA2178 /* Build configuration list for PBXNativeTarget "Emojy Dictionary" */ = {
			isa = XCConfigurationList;
			buildConfigurations = (
				06FBDDD21F2B78B300FA2178 /* Debug */,
				06FBDDD31F2B78B300FA2178 /* Release */,
			);
			defaultConfigurationIsVisible = 0;
		};
/* End XCConfigurationList section */
	};
	rootObject = 06FBDDB71F2B78B200FA2178 /* Project object */;
}
